{
    "_meta": {
        "hash": {
            "sha256": "549d11d61f6601cfd60c5631a7cdebbdd39618906414f3d84977f8292a80b1a4"
        },
        "pipfile-spec": 6,
        "requires": {
            "python_version": "3.11"
        },
        "sources": [
            {
                "name": "pypi",
                "url": "https://pypi.org/simple",
                "verify_ssl": true
            }
        ]
    },
    "default": {
        "e": {
            "hashes": [
                "sha256:1ce64149fd260237e8f53d5b4863466875594e77341ec47d340c0d2c6d3b5942"
            ],
            "index": "pypi",
            "version": "==1.4.5"
        }
    },
    "develop": {}
}
